{
  "name": "function",
  "version": "1.0.3",
  "lockfileVersion": 1,
  "requires": true,
  "dependencies": {
    "iotjs-express": {
      "version": "0.0.16",
      "resolved": "https://registry.npmjs.org/iotjs-express/-/iotjs-express-0.0.16.tgz",
      "integrity": "sha512-pCtBqnMbTtaj4gt0wH6s5aTLIp2YPlnH4sJeYQUko2iioOVj+e2J6CZkccRSsc805frXo0rYEeAPNjqA15Xoxw=="
    }
  }
}
