{
  "name": "function",
  "version": "1.0.0",
  "lockfileVersion": 1,
  "requires": true,
  "dependencies": {
    "iotjs-express": {
      "version": "0.0.12",
      "resolved": "https://registry.npmjs.org/iotjs-express/-/iotjs-express-0.0.12.tgz",
      "integrity": "sha512-bajD/PqFTwzyiAAOsQcMOuQAdCYeg0F4YVWRjyvzrIudv66Nt09SsZdXGajJAdazh7tDgT5U6yy+gHNDgbl3BQ=="
    }
  }
}
