{
  "name": "function",
  "version": "1.0.6",
  "lockfileVersion": 1,
  "requires": true,
  "dependencies": {
    "iotjs-express": {
      "version": "0.0.18",
      "resolved": "https://registry.npmjs.org/iotjs-express/-/iotjs-express-0.0.18.tgz",
      "integrity": "sha512-wU0zrjhWRDyry6sywq2YaEny1kk3EsOHt9SW26WnBntWXjwClNMRCCdXiHS0EmeBbaq09A7VVxvd7mLNPgIdNQ=="
    }
  }
}
